
Microsoft Visual Studio Solution File, Format Version 12.00
# Visual Studio 2013
VisualStudioVersion = 12.0.21005.1
MinimumVisualStudioVersion = 10.0.40219.1
Project("{8BC9CEB8-8B4A-11D0-8D11-00A0C91BC942}") = "keyGen", "keyGen\keyGen.vcxproj", "{2453625C-DC57-48D6-895D-2201D2E89FB0}"
EndProject
Project("{8BC9CEB8-8B4A-11D0-8D11-00A0C91BC942}") = "unitTest", "unitTest\unitTest.vcxproj", "{1F088D0B-D3CA-43B4-BD99-55F60B86951C}"
EndProject
Project("{8BC9CEB8-8B4A-11D0-8D11-00A0C91BC942}") = "SSL_Server", "SSL_Server\SSL_Server.vcxproj", "{2B8C0959-EE0F-493C-930F-019BEDCBA8DB}"
EndProject
Project("{8BC9CEB8-8B4A-11D0-8D11-00A0C91BC942}") = "SSL_Client", "SSL_Client\SSL_Client.vcxproj", "{BCAC34C3-62F9-4E70-8526-160D3FD32172}"
EndProject
Project("{8BC9CEB8-8B4A-11D0-8D11-00A0C91BC942}") = "helloWorldPub", "helloWorldPub\helloWorldPub.vcxproj", "{47899362-DEE6-47D1-BA6A-5C9A28338E64}"
EndProject
Global
	GlobalSection(SolutionConfigurationPlatforms) = preSolution
		Debug|Win32 = Debug|Win32
		Debug|x64 = Debug|x64
		Release|Win32 = Release|Win32
		Release|x64 = Release|x64
	EndGlobalSection
	GlobalSection(ProjectConfigurationPlatforms) = postSolution
		{2453625C-DC57-48D6-895D-2201D2E89FB0}.Debug|Win32.ActiveCfg = Debug|Win32
		{2453625C-DC57-48D6-895D-2201D2E89FB0}.Debug|Win32.Build.0 = Debug|Win32
		{2453625C-DC57-48D6-895D-2201D2E89FB0}.Debug|x64.ActiveCfg = Debug|x64
		{2453625C-DC57-48D6-895D-2201D2E89FB0}.Debug|x64.Build.0 = Debug|x64
		{2453625C-DC57-48D6-895D-2201D2E89FB0}.Release|Win32.ActiveCfg = Release|Win32
		{2453625C-DC57-48D6-895D-2201D2E89FB0}.Release|Win32.Build.0 = Release|Win32
		{2453625C-DC57-48D6-895D-2201D2E89FB0}.Release|x64.ActiveCfg = Release|x64
		{2453625C-DC57-48D6-895D-2201D2E89FB0}.Release|x64.Build.0 = Release|x64
		{1F088D0B-D3CA-43B4-BD99-55F60B86951C}.Debug|Win32.ActiveCfg = Debug|Win32
		{1F088D0B-D3CA-43B4-BD99-55F60B86951C}.Debug|Win32.Build.0 = Debug|Win32
		{1F088D0B-D3CA-43B4-BD99-55F60B86951C}.Debug|x64.ActiveCfg = Debug|x64
		{1F088D0B-D3CA-43B4-BD99-55F60B86951C}.Release|Win32.ActiveCfg = Release|Win32
		{1F088D0B-D3CA-43B4-BD99-55F60B86951C}.Release|Win32.Build.0 = Release|Win32
		{1F088D0B-D3CA-43B4-BD99-55F60B86951C}.Release|x64.ActiveCfg = Release|x64
		{2B8C0959-EE0F-493C-930F-019BEDCBA8DB}.Debug|Win32.ActiveCfg = Debug|Win32
		{2B8C0959-EE0F-493C-930F-019BEDCBA8DB}.Debug|Win32.Build.0 = Debug|Win32
		{2B8C0959-EE0F-493C-930F-019BEDCBA8DB}.Debug|x64.ActiveCfg = Debug|x64
		{2B8C0959-EE0F-493C-930F-019BEDCBA8DB}.Release|Win32.ActiveCfg = Release|Win32
		{2B8C0959-EE0F-493C-930F-019BEDCBA8DB}.Release|Win32.Build.0 = Release|Win32
		{2B8C0959-EE0F-493C-930F-019BEDCBA8DB}.Release|x64.ActiveCfg = Release|x64
		{BCAC34C3-62F9-4E70-8526-160D3FD32172}.Debug|Win32.ActiveCfg = Debug|Win32
		{BCAC34C3-62F9-4E70-8526-160D3FD32172}.Debug|Win32.Build.0 = Debug|Win32
		{BCAC34C3-62F9-4E70-8526-160D3FD32172}.Debug|x64.ActiveCfg = Debug|x64
		{BCAC34C3-62F9-4E70-8526-160D3FD32172}.Release|Win32.ActiveCfg = Release|Win32
		{BCAC34C3-62F9-4E70-8526-160D3FD32172}.Release|Win32.Build.0 = Release|Win32
		{BCAC34C3-62F9-4E70-8526-160D3FD32172}.Release|x64.ActiveCfg = Release|x64
		{47899362-DEE6-47D1-BA6A-5C9A28338E64}.Debug|Win32.ActiveCfg = Debug|Win32
		{47899362-DEE6-47D1-BA6A-5C9A28338E64}.Debug|Win32.Build.0 = Debug|Win32
		{47899362-DEE6-47D1-BA6A-5C9A28338E64}.Debug|x64.ActiveCfg = Debug|Win32
		{47899362-DEE6-47D1-BA6A-5C9A28338E64}.Release|Win32.ActiveCfg = Release|Win32
		{47899362-DEE6-47D1-BA6A-5C9A28338E64}.Release|Win32.Build.0 = Release|Win32
		{47899362-DEE6-47D1-BA6A-5C9A28338E64}.Release|x64.ActiveCfg = Release|Win32
	EndGlobalSection
	GlobalSection(SolutionProperties) = preSolution
		HideSolutionNode = FALSE
	EndGlobalSection
EndGlobal
